// !$*UTF8*$!
{
	archiveVersion = 1;
	classes = {
	};
	objectVersion = 46;
	objects = {

/* Begin PBXBuildFile section */
		2F018E131F537C5900A4319A /* Application.swift in Sources */ = {isa = PBXBuildFile; fileRef = 2F018E0A1F537C5900A4319A /* Application.swift */; };
		2F018E141F537C5900A4319A /* AXSwift.h in Headers */ = {isa = PBXBuildFile; fileRef = 2F018E0B1F537C5900A4319A /* AXSwift.h */; settings = {ATTRIBUTES = (Public, ); }; };
		2F018E151F537C5900A4319A /* AXSwift.swift in Sources */ = {isa = PBXBuildFile; fileRef = 2F018E0C1F537C5900A4319A /* AXSwift.swift */; };
		2F018E161F537C5A00A4319A /* Constants.swift in Sources */ = {isa = PBXBuildFile; fileRef = 2F018E0D1F537C5900A4319A /* Constants.swift */; };
		2F018E171F537C5A00A4319A /* Error.swift in Sources */ = {isa = PBXBuildFile; fileRef = 2F018E0E1F537C5900A4319A /* Error.swift */; };
		2F018E191F537C5A00A4319A /* Observer.swift in Sources */ = {isa = PBXBuildFile; fileRef = 2F018E101F537C5900A4319A /* Observer.swift */; };
		2F018E1A1F537C5A00A4319A /* SystemWideElement.swift in Sources */ = {isa = PBXBuildFile; fileRef = 2F018E111F537C5900A4319A /* SystemWideElement.swift */; };
		2F018E1B1F537C5A00A4319A /* UIElement.swift in Sources */ = {isa = PBXBuildFile; fileRef = 2F018E121F537C5900A4319A /* UIElement.swift */; };
		2F86CE9B1BD49958007E8C29 /* AppDelegate.swift in Sources */ = {isa = PBXBuildFile; fileRef = 2F86CE9A1BD49958007E8C29 /* AppDelegate.swift */; };
		2F86CE9D1BD49958007E8C29 /* Assets.xcassets in Resources */ = {isa = PBXBuildFile; fileRef = 2F86CE9C1BD49958007E8C29 /* Assets.xcassets */; };
		2F86CEA61BD4999F007E8C29 /* main.swift in Sources */ = {isa = PBXBuildFile; fileRef = 2F86CEA51BD4999F007E8C29 /* main.swift */; };
		2F86CEB01BD5621F007E8C29 /* AppDelegate.swift in Sources */ = {isa = PBXBuildFile; fileRef = 2F86CEAF1BD5621F007E8C29 /* AppDelegate.swift */; };
		2F86CEB21BD5621F007E8C29 /* Assets.xcassets in Resources */ = {isa = PBXBuildFile; fileRef = 2F86CEB11BD5621F007E8C29 /* Assets.xcassets */; };
		2F86CEBB1BD56250007E8C29 /* main.swift in Sources */ = {isa = PBXBuildFile; fileRef = 2F86CEBA1BD56250007E8C29 /* main.swift */; };
/* End PBXBuildFile section */

/* Begin PBXContainerItemProxy section */
		2F86CEFD1BD70887007E8C29 /* PBXContainerItemProxy */ = {
			isa = PBXContainerItemProxy;
			containerPortal = 2F32C67B1BD42D5000AD4419 /* Project object */;
			proxyType = 1;
			remoteGlobalIDString = 2F32C6831BD42D5000AD4419;
			remoteInfo = AXSwift;
		};
/* End PBXContainerItemProxy section */

/* Begin PBXFileReference section */
		2F018E0A1F537C5900A4319A /* Application.swift */ = {isa = PBXFileReference; fileEncoding = 4; lastKnownFileType = sourcecode.swift; name = Application.swift; path = ../Sources/Application.swift; sourceTree = "<group>"; };
		2F018E0B1F537C5900A4319A /* AXSwift.h */ = {isa = PBXFileReference; fileEncoding = 4; lastKnownFileType = sourcecode.c.h; name = AXSwift.h; path = ../Sources/AXSwift.h; sourceTree = "<group>"; };
		2F018E0C1F537C5900A4319A /* AXSwift.swift */ = {isa = PBXFileReference; fileEncoding = 4; lastKnownFileType = sourcecode.swift; name = AXSwift.swift; path = ../Sources/AXSwift.swift; sourceTree = "<group>"; };
		2F018E0D1F537C5900A4319A /* Constants.swift */ = {isa = PBXFileReference; fileEncoding = 4; lastKnownFileType = sourcecode.swift; name = Constants.swift; path = ../Sources/Constants.swift; sourceTree = "<group>"; };
		2F018E0E1F537C5900A4319A /* Error.swift */ = {isa = PBXFileReference; fileEncoding = 4; lastKnownFileType = sourcecode.swift; name = Error.swift; path = ../Sources/Error.swift; sourceTree = "<group>"; };
		2F018E0F1F537C5900A4319A /* Info.plist */ = {isa = PBXFileReference; fileEncoding = 4; lastKnownFileType = text.plist.xml; name = Info.plist; path = ../Sources/Info.plist; sourceTree = "<group>"; };
		2F018E101F537C5900A4319A /* Observer.swift */ = {isa = PBXFileReference; fileEncoding = 4; lastKnownFileType = sourcecode.swift; name = Observer.swift; path = ../Sources/Observer.swift; sourceTree = "<group>"; };
		2F018E111F537C5900A4319A /* SystemWideElement.swift */ = {isa = PBXFileReference; fileEncoding = 4; lastKnownFileType = sourcecode.swift; name = SystemWideElement.swift; path = ../Sources/SystemWideElement.swift; sourceTree = "<group>"; };
		2F018E121F537C5900A4319A /* UIElement.swift */ = {isa = PBXFileReference; fileEncoding = 4; lastKnownFileType = sourcecode.swift; name = UIElement.swift; path = ../Sources/UIElement.swift; sourceTree = "<group>"; };
		2F3CE41A1F539CB30089DE2A /* AXSwift.framework */ = {isa = PBXFileReference; explicitFileType = wrapper.framework; includeInIndex = 0; name = AXSwift.framework; path = /Users/tyler/code/Swindler/AXSwift/build/Debug/AXSwift.framework; sourceTree = "<absolute>"; };
		2F3CE41B1F539CB30089DE2A /* AXSwiftExample.app */ = {isa = PBXFileReference; explicitFileType = wrapper.application; includeInIndex = 0; name = AXSwiftExample.app; path = /Users/tyler/code/Swindler/AXSwift/build/Debug/AXSwiftExample.app; sourceTree = "<absolute>"; };
		2F3CE41C1F539CB30089DE2A /* AXSwiftObserverExample.app */ = {isa = PBXFileReference; explicitFileType = wrapper.application; includeInIndex = 0; name = AXSwiftObserverExample.app; path = /Users/tyler/code/Swindler/AXSwift/build/Debug/AXSwiftObserverExample.app; sourceTree = "<absolute>"; };
		2F86CE9A1BD49958007E8C29 /* AppDelegate.swift */ = {isa = PBXFileReference; lastKnownFileType = sourcecode.swift; path = AppDelegate.swift; sourceTree = "<group>"; };
		2F86CE9C1BD49958007E8C29 /* Assets.xcassets */ = {isa = PBXFileReference; lastKnownFileType = folder.assetcatalog; path = Assets.xcassets; sourceTree = "<group>"; };
		2F86CEA11BD49958007E8C29 /* Info.plist */ = {isa = PBXFileReference; lastKnownFileType = text.plist.xml; path = Info.plist; sourceTree = "<group>"; };
		2F86CEA51BD4999F007E8C29 /* main.swift */ = {isa = PBXFileReference; fileEncoding = 4; lastKnownFileType = sourcecode.swift; path = main.swift; sourceTree = "<group>"; };
		2F86CEAF1BD5621F007E8C29 /* AppDelegate.swift */ = {isa = PBXFileReference; lastKnownFileType = sourcecode.swift; path = AppDelegate.swift; sourceTree = "<group>"; };
		2F86CEB11BD5621F007E8C29 /* Assets.xcassets */ = {isa = PBXFileReference; lastKnownFileType = folder.assetcatalog; path = Assets.xcassets; sourceTree = "<group>"; };
		2F86CEB61BD5621F007E8C29 /* Info.plist */ = {isa = PBXFileReference; lastKnownFileType = text.plist.xml; path = Info.plist; sourceTree = "<group>"; };
		2F86CEBA1BD56250007E8C29 /* main.swift */ = {isa = PBXFileReference; fileEncoding = 4; lastKnownFileType = sourcecode.swift; path = main.swift; sourceTree = "<group>"; };
		2F86CEE01BD6B33C007E8C29 /* README.md */ = {isa = PBXFileReference; lastKnownFileType = net.daringfireball.markdown; name = README.md; path = ../README.md; sourceTree = "<group>"; };
/* End PBXFileReference section */

/* Begin PBXFrameworksBuildPhase section */
		2F32C6801BD42D5000AD4419 /* Frameworks */ = {
			isa = PBXFrameworksBuildPhase;
			buildActionMask = 2147483647;
			files = (
			);
			runOnlyForDeploymentPostprocessing = 0;
		};
		2F86CE951BD49958007E8C29 /* Frameworks */ = {
			isa = PBXFrameworksBuildPhase;
			buildActionMask = 2147483647;
			files = (
			);
			runOnlyForDeploymentPostprocessing = 0;
		};
		2F86CEAA1BD5621F007E8C29 /* Frameworks */ = {
			isa = PBXFrameworksBuildPhase;
			buildActionMask = 2147483647;
			files = (
			);
			runOnlyForDeploymentPostprocessing = 0;
		};
/* End PBXFrameworksBuildPhase section */

/* Begin PBXGroup section */
		2F32C67A1BD42D5000AD4419 = {
			isa = PBXGroup;
			children = (
				2F32C6861BD42D5000AD4419 /* AXSwift */,
				2F86CE991BD49958007E8C29 /* AXSwiftExample */,
				2F86CEAE1BD5621F007E8C29 /* AXSwiftObserverExample */,
			);
			indentWidth = 2;
			sourceTree = "<group>";
			tabWidth = 2;
		};
		2F32C6861BD42D5000AD4419 /* AXSwift */ = {
			isa = PBXGroup;
			children = (
				2F018E0A1F537C5900A4319A /* Application.swift */,
				2F018E0B1F537C5900A4319A /* AXSwift.h */,
				2F018E0C1F537C5900A4319A /* AXSwift.swift */,
				2F018E0D1F537C5900A4319A /* Constants.swift */,
				2F018E0E1F537C5900A4319A /* Error.swift */,
				2F018E0F1F537C5900A4319A /* Info.plist */,
				2F018E101F537C5900A4319A /* Observer.swift */,
				2F018E111F537C5900A4319A /* SystemWideElement.swift */,
				2F018E121F537C5900A4319A /* UIElement.swift */,
				2F86CEE01BD6B33C007E8C29 /* README.md */,
			);
			path = AXSwift;
			sourceTree = "<group>";
		};
		2F86CE991BD49958007E8C29 /* AXSwiftExample */ = {
			isa = PBXGroup;
			children = (
				2F86CE9A1BD49958007E8C29 /* AppDelegate.swift */,
				2F86CEA51BD4999F007E8C29 /* main.swift */,
				2F86CE9C1BD49958007E8C29 /* Assets.xcassets */,
				2F86CEA11BD49958007E8C29 /* Info.plist */,
			);
			path = AXSwiftExample;
			sourceTree = "<group>";
		};
		2F86CEAE1BD5621F007E8C29 /* AXSwiftObserverExample */ = {
			isa = PBXGroup;
			children = (
				2F86CEAF1BD5621F007E8C29 /* AppDelegate.swift */,
				2F86CEBA1BD56250007E8C29 /* main.swift */,
				2F86CEB11BD5621F007E8C29 /* Assets.xcassets */,
				2F86CEB61BD5621F007E8C29 /* Info.plist */,
			);
			path = AXSwiftObserverExample;
			sourceTree = "<group>";
		};
/* End PBXGroup section */

/* Begin PBXHeadersBuildPhase section */
		2F32C6811BD42D5000AD4419 /* Headers */ = {
			isa = PBXHeadersBuildPhase;
			buildActionMask = 2147483647;
			files = (
				2F018E141F537C5900A4319A /* AXSwift.h in Headers */,
			);
			runOnlyForDeploymentPostprocessing = 0;
		};
/* End PBXHeadersBuildPhase section */

/* Begin PBXNativeTarget section */
		2F32C6831BD42D5000AD4419 /* AXSwift */ = {
			isa = PBXNativeTarget;
			buildConfigurationList = 2F32C68C1BD42D5000AD4419 /* Build configuration list for PBXNativeTarget "AXSwift" */;
			buildPhases = (
				2F32C67F1BD42D5000AD4419 /* Sources */,
				2F32C6801BD42D5000AD4419 /* Frameworks */,
				2F32C6811BD42D5000AD4419 /* Headers */,
				2F32C6821BD42D5000AD4419 /* Resources */,
			);
			buildRules = (
			);
			dependencies = (
			);
			name = AXSwift;
			productName = AXSwift;
			productReference = 2F3CE41A1F539CB30089DE2A /* AXSwift.framework */;
			productType = "com.apple.product-type.framework";
		};
		2F86CE971BD49958007E8C29 /* AXSwiftExample */ = {
			isa = PBXNativeTarget;
			buildConfigurationList = 2F86CEA41BD49958007E8C29 /* Build configuration list for PBXNativeTarget "AXSwiftExample" */;
			buildPhases = (
				2F86CE941BD49958007E8C29 /* Sources */,
				2F86CE951BD49958007E8C29 /* Frameworks */,
				2F86CE961BD49958007E8C29 /* Resources */,
			);
			buildRules = (
			);
			dependencies = (
			);
			name = AXSwiftExample;
			productName = AXSwiftExample;
			productReference = 2F3CE41B1F539CB30089DE2A /* AXSwiftExample.app */;
			productType = "com.apple.product-type.application";
		};
		2F86CEAC1BD5621F007E8C29 /* AXSwiftObserverExample */ = {
			isa = PBXNativeTarget;
			buildConfigurationList = 2F86CEB71BD5621F007E8C29 /* Build configuration list for PBXNativeTarget "AXSwiftObserverExample" */;
			buildPhases = (
				2F86CEA91BD5621F007E8C29 /* Sources */,
				2F86CEAA1BD5621F007E8C29 /* Frameworks */,
				2F86CEAB1BD5621F007E8C29 /* Resources */,
			);
			buildRules = (
			);
			dependencies = (
				2F86CEFE1BD70887007E8C29 /* PBXTargetDependency */,
			);
			name = AXSwiftObserverExample;
			productName = AXSwiftObserverExample;
			productReference = 2F3CE41C1F539CB30089DE2A /* AXSwiftObserverExample.app */;
			productType = "com.apple.product-type.application";
		};
/* End PBXNativeTarget section */

/* Begin PBXProject section */
		2F32C67B1BD42D5000AD4419 /* Project object */ = {
			isa = PBXProject;
			attributes = {
				LastSwiftUpdateCheck = 0710;
				LastUpgradeCheck = 0830;
				ORGANIZATIONNAME = "Tyler Mandry";
				TargetAttributes = {
					2F32C6831BD42D5000AD4419 = {
						CreatedOnToolsVersion = 7.0;
						LastSwiftMigration = 0830;
					};
					2F86CE971BD49958007E8C29 = {
						CreatedOnToolsVersion = 7.1;
						LastSwiftMigration = 0830;
					};
					2F86CEAC1BD5621F007E8C29 = {
						CreatedOnToolsVersion = 7.1;
						LastSwiftMigration = 0830;
					};
				};
			};
			buildConfigurationList = 2F32C67E1BD42D5000AD4419 /* Build configuration list for PBXProject "AXSwift" */;
			compatibilityVersion = "Xcode 3.2";
			developmentRegion = English;
			hasScannedForEncodings = 0;
			knownRegions = (
				en,
				Base,
			);
			mainGroup = 2F32C67A1BD42D5000AD4419;
			productRefGroup = 2F32C67A1BD42D5000AD4419;
			projectDirPath = "";
			projectRoot = "";
			targets = (
				2F32C6831BD42D5000AD4419 /* AXSwift */,
				2F86CE971BD49958007E8C29 /* AXSwiftExample */,
				2F86CEAC1BD5621F007E8C29 /* AXSwiftObserverExample */,
			);
		};
/* End PBXProject section */

/* Begin PBXResourcesBuildPhase section */
		2F32C6821BD42D5000AD4419 /* Resources */ = {
			isa = PBXResourcesBuildPhase;
			buildActionMask = 2147483647;
			files = (
			);
			runOnlyForDeploymentPostprocessing = 0;
		};
		2F86CE961BD49958007E8C29 /* Resources */ = {
			isa = PBXResourcesBuildPhase;
			buildActionMask = 2147483647;
			files = (
				2F86CE9D1BD49958007E8C29 /* Assets.xcassets in Resources */,
			);
			runOnlyForDeploymentPostprocessing = 0;
		};
		2F86CEAB1BD5621F007E8C29 /* Resources */ = {
			isa = PBXResourcesBuildPhase;
			buildActionMask = 2147483647;
			files = (
				2F86CEB21BD5621F007E8C29 /* Assets.xcassets in Resources */,
			);
			runOnlyForDeploymentPostprocessing = 0;
		};
/* End PBXResourcesBuildPhase section */

/* Begin PBXSourcesBuildPhase section */
		2F32C67F1BD42D5000AD4419 /* Sources */ = {
			isa = PBXSourcesBuildPhase;
			buildActionMask = 2147483647;
			files = (
				2F018E131F537C5900A4319A /* Application.swift in Sources */,
				2F018E1A1F537C5A00A4319A /* SystemWideElement.swift in Sources */,
				2F018E151F537C5900A4319A /* AXSwift.swift in Sources */,
				2F018E191F537C5A00A4319A /* Observer.swift in Sources */,
				2F018E171F537C5A00A4319A /* Error.swift in Sources */,
				2F018E1B1F537C5A00A4319A /* UIElement.swift in Sources */,
				2F018E161F537C5A00A4319A /* Constants.swift in Sources */,
			);
			runOnlyForDeploymentPostprocessing = 0;
		};
		2F86CE941BD49958007E8C29 /* Sources */ = {
			isa = PBXSourcesBuildPhase;
			buildActionMask = 2147483647;
			files = (
				2F86CEA61BD4999F007E8C29 /* main.swift in Sources */,
				2F86CE9B1BD49958007E8C29 /* AppDelegate.swift in Sources */,
			);
			runOnlyForDeploymentPostprocessing = 0;
		};
		2F86CEA91BD5621F007E8C29 /* Sources */ = {
			isa = PBXSourcesBuildPhase;
			buildActionMask = 2147483647;
			files = (
				2F86CEBB1BD56250007E8C29 /* main.swift in Sources */,
				2F86CEB01BD5621F007E8C29 /* AppDelegate.swift in Sources */,
			);
			runOnlyForDeploymentPostprocessing = 0;
		};
/* End PBXSourcesBuildPhase section */

/* Begin PBXTargetDependency section */
		2F86CEFE1BD70887007E8C29 /* PBXTargetDependency */ = {
			isa = PBXTargetDependency;
			target = 2F32C6831BD42D5000AD4419 /* AXSwift */;
			targetProxy = 2F86CEFD1BD70887007E8C29 /* PBXContainerItemProxy */;
		};
/* End PBXTargetDependency section */

/* Begin XCBuildConfiguration section */
		2F32C68A1BD42D5000AD4419 /* Debug */ = {
			isa = XCBuildConfiguration;
			buildSettings = {
				ALWAYS_SEARCH_USER_PATHS = NO;
				CLANG_CXX_LANGUAGE_STANDARD = "gnu++0x";
				CLANG_CXX_LIBRARY = "libc++";
				CLANG_ENABLE_MODULES = YES;
				CLANG_ENABLE_OBJC_ARC = YES;
				CLANG_WARN_BOOL_CONVERSION = YES;
				CLANG_WARN_CONSTANT_CONVERSION = YES;
				CLANG_WARN_DIRECT_OBJC_ISA_USAGE = YES_ERROR;
				CLANG_WARN_EMPTY_BODY = YES;
				CLANG_WARN_ENUM_CONVERSION = YES;
				CLANG_WARN_INFINITE_RECURSION = YES;
				CLANG_WARN_INT_CONVERSION = YES;
				CLANG_WARN_OBJC_ROOT_CLASS = YES_ERROR;
				CLANG_WARN_SUSPICIOUS_MOVE = YES;
				CLANG_WARN_UNREACHABLE_CODE = YES;
				CLANG_WARN__DUPLICATE_METHOD_MATCH = YES;
				COPY_PHASE_STRIP = NO;
				CURRENT_PROJECT_VERSION = 1;
				DEBUG_INFORMATION_FORMAT = dwarf;
				ENABLE_STRICT_OBJC_MSGSEND = YES;
				ENABLE_TESTABILITY = YES;
				GCC_C_LANGUAGE_STANDARD = gnu99;
				GCC_DYNAMIC_NO_PIC = NO;
				GCC_NO_COMMON_BLOCKS = YES;
				GCC_OPTIMIZATION_LEVEL = 0;
				GCC_PREPROCESSOR_DEFINITIONS = (
					"DEBUG=1",
					"$(inherited)",
				);
				GCC_WARN_64_TO_32_BIT_CONVERSION = YES;
				GCC_WARN_ABOUT_RETURN_TYPE = YES_ERROR;
				GCC_WARN_UNDECLARED_SELECTOR = YES;
				GCC_WARN_UNINITIALIZED_AUTOS = YES_AGGRESSIVE;
				GCC_WARN_UNUSED_FUNCTION = YES;
				GCC_WARN_UNUSED_VARIABLE = YES;
				MACOSX_DEPLOYMENT_TARGET = 10.10;
				MTL_ENABLE_DEBUG_INFO = YES;
				ONLY_ACTIVE_ARCH = YES;
				SDKROOT = macosx;
				SWIFT_OPTIMIZATION_LEVEL = "-Onone";
				VERSIONING_SYSTEM = "apple-generic";
				VERSION_INFO_PREFIX = "";
			};
			name = Debug;
		};
		2F32C68B1BD42D5000AD4419 /* Release */ = {
			isa = XCBuildConfiguration;
			buildSettings = {
				ALWAYS_SEARCH_USER_PATHS = NO;
				CLANG_CXX_LANGUAGE_STANDARD = "gnu++0x";
				CLANG_CXX_LIBRARY = "libc++";
				CLANG_ENABLE_MODULES = YES;
				CLANG_ENABLE_OBJC_ARC = YES;
				CLANG_WARN_BOOL_CONVERSION = YES;
				CLANG_WARN_CONSTANT_CONVERSION = YES;
				CLANG_WARN_DIRECT_OBJC_ISA_USAGE = YES_ERROR;
				CLANG_WARN_EMPTY_BODY = YES;
				CLANG_WARN_ENUM_CONVERSION = YES;
				CLANG_WARN_INFINITE_RECURSION = YES;
				CLANG_WARN_INT_CONVERSION = YES;
				CLANG_WARN_OBJC_ROOT_CLASS = YES_ERROR;
				CLANG_WARN_SUSPICIOUS_MOVE = YES;
				CLANG_WARN_UNREACHABLE_CODE = YES;
				CLANG_WARN__DUPLICATE_METHOD_MATCH = YES;
				COPY_PHASE_STRIP = NO;
				CURRENT_PROJECT_VERSION = 1;
				DEBUG_INFORMATION_FORMAT = "dwarf-with-dsym";
				ENABLE_NS_ASSERTIONS = NO;
				ENABLE_STRICT_OBJC_MSGSEND = YES;
				GCC_C_LANGUAGE_STANDARD = gnu99;
				GCC_NO_COMMON_BLOCKS = YES;
				GCC_WARN_64_TO_32_BIT_CONVERSION = YES;
				GCC_WARN_ABOUT_RETURN_TYPE = YES_ERROR;
				GCC_WARN_UNDECLARED_SELECTOR = YES;
				GCC_WARN_UNINITIALIZED_AUTOS = YES_AGGRESSIVE;
				GCC_WARN_UNUSED_FUNCTION = YES;
				GCC_WARN_UNUSED_VARIABLE = YES;
				MACOSX_DEPLOYMENT_TARGET = 10.10;
				MTL_ENABLE_DEBUG_INFO = NO;
				SDKROOT = macosx;
				SWIFT_OPTIMIZATION_LEVEL = "-Owholemodule";
				VERSIONING_SYSTEM = "apple-generic";
				VERSION_INFO_PREFIX = "";
			};
			name = Release;
		};
		2F32C68D1BD42D5000AD4419 /* Debug */ = {
			isa = XCBuildConfiguration;
			buildSettings = {
				CLANG_ENABLE_MODULES = YES;
				COMBINE_HIDPI_IMAGES = YES;
				DEFINES_MODULE = YES;
				DYLIB_COMPATIBILITY_VERSION = 1;
				DYLIB_CURRENT_VERSION = 1;
				DYLIB_INSTALL_NAME_BASE = "@rpath";
				FRAMEWORK_VERSION = A;
				INFOPLIST_FILE = "$(SRCROOT)/Sources/Info.plist";
				INSTALL_PATH = "$(LOCAL_LIBRARY_DIR)/Frameworks";
				LD_RUNPATH_SEARCH_PATHS = "$(inherited) @executable_path/../Frameworks @loader_path/Frameworks";
				PRODUCT_BUNDLE_IDENTIFIER = com.tylermandry.AXSwift;
				PRODUCT_NAME = "$(TARGET_NAME)";
				SKIP_INSTALL = YES;
				SWIFT_OPTIMIZATION_LEVEL = "-Onone";
				SWIFT_VERSION = 3.0;
			};
			name = Debug;
		};
		2F32C68E1BD42D5000AD4419 /* Release */ = {
			isa = XCBuildConfiguration;
			buildSettings = {
				CLANG_ENABLE_MODULES = YES;
				COMBINE_HIDPI_IMAGES = YES;
				DEFINES_MODULE = YES;
				DYLIB_COMPATIBILITY_VERSION = 1;
				DYLIB_CURRENT_VERSION = 1;
				DYLIB_INSTALL_NAME_BASE = "@rpath";
				FRAMEWORK_VERSION = A;
				INFOPLIST_FILE = "$(SRCROOT)/Sources/Info.plist";
				INSTALL_PATH = "$(LOCAL_LIBRARY_DIR)/Frameworks";
				LD_RUNPATH_SEARCH_PATHS = "$(inherited) @executable_path/../Frameworks @loader_path/Frameworks";
				PRODUCT_BUNDLE_IDENTIFIER = com.tylermandry.AXSwift;
				PRODUCT_NAME = "$(TARGET_NAME)";
				SKIP_INSTALL = YES;
				SWIFT_VERSION = 3.0;
			};
			name = Release;
		};
		2F86CEA21BD49958007E8C29 /* Debug */ = {
			isa = XCBuildConfiguration;
			buildSettings = {
				ASSETCATALOG_COMPILER_APPICON_NAME = AppIcon;
				CODE_SIGN_IDENTITY = "-";
				COMBINE_HIDPI_IMAGES = YES;
				INFOPLIST_FILE = AXSwiftExample/Info.plist;
				LD_RUNPATH_SEARCH_PATHS = "$(inherited) @executable_path/../Frameworks";
				PRODUCT_BUNDLE_IDENTIFIER = com.tylermandry.AXSwiftExample;
				PRODUCT_NAME = "$(TARGET_NAME)";
				SWIFT_VERSION = 3.0;
			};
			name = Debug;
		};
		2F86CEA31BD49958007E8C29 /* Release */ = {
			isa = XCBuildConfiguration;
			buildSettings = {
				ASSETCATALOG_COMPILER_APPICON_NAME = AppIcon;
				CODE_SIGN_IDENTITY = "-";
				COMBINE_HIDPI_IMAGES = YES;
				INFOPLIST_FILE = AXSwiftExample/Info.plist;
				LD_RUNPATH_SEARCH_PATHS = "$(inherited) @executable_path/../Frameworks";
				PRODUCT_BUNDLE_IDENTIFIER = com.tylermandry.AXSwiftExample;
				PRODUCT_NAME = "$(TARGET_NAME)";
				SWIFT_VERSION = 3.0;
			};
			name = Release;
		};
		2F86CEB81BD5621F007E8C29 /* Debug */ = {
			isa = XCBuildConfiguration;
			buildSettings = {
				ASSETCATALOG_COMPILER_APPICON_NAME = AppIcon;
				CODE_SIGN_IDENTITY = "-";
				COMBINE_HIDPI_IMAGES = YES;
				INFOPLIST_FILE = AXSwiftObserverExample/Info.plist;
				LD_RUNPATH_SEARCH_PATHS = "$(inherited) @executable_path/../Frameworks";
				PRODUCT_BUNDLE_IDENTIFIER = com.tylermandry.AXSwiftObserverExample;
				PRODUCT_NAME = "$(TARGET_NAME)";
				SWIFT_VERSION = 3.0;
			};
			name = Debug;
		};
		2F86CEB91BD5621F007E8C29 /* Release */ = {
			isa = XCBuildConfiguration;
			buildSettings = {
				ASSETCATALOG_COMPILER_APPICON_NAME = AppIcon;
				CODE_SIGN_IDENTITY = "-";
				COMBINE_HIDPI_IMAGES = YES;
				INFOPLIST_FILE = AXSwiftObserverExample/Info.plist;
				LD_RUNPATH_SEARCH_PATHS = "$(inherited) @executable_path/../Frameworks";
				PRODUCT_BUNDLE_IDENTIFIER = com.tylermandry.AXSwiftObserverExample;
				PRODUCT_NAME = "$(TARGET_NAME)";
				SWIFT_VERSION = 3.0;
			};
			name = Release;
		};
/* End XCBuildConfiguration section */

/* Begin XCConfigurationList section */
		2F32C67E1BD42D5000AD4419 /* Build configuration list for PBXProject "AXSwift" */ = {
			isa = XCConfigurationList;
			buildConfigurations = (
				2F32C68A1BD42D5000AD4419 /* Debug */,
				2F32C68B1BD42D5000AD4419 /* Release */,
			);
			defaultConfigurationIsVisible = 0;
			defaultConfigurationName = Release;
		};
		2F32C68C1BD42D5000AD4419 /* Build configuration list for PBXNativeTarget "AXSwift" */ = {
			isa = XCConfigurationList;
			buildConfigurations = (
				2F32C68D1BD42D5000AD4419 /* Debug */,
				2F32C68E1BD42D5000AD4419 /* Release */,
			);
			defaultConfigurationIsVisible = 0;
			defaultConfigurationName = Release;
		};
		2F86CEA41BD49958007E8C29 /* Build configuration list for PBXNativeTarget "AXSwiftExample" */ = {
			isa = XCConfigurationList;
			buildConfigurations = (
				2F86CEA21BD49958007E8C29 /* Debug */,
				2F86CEA31BD49958007E8C29 /* Release */,
			);
			defaultConfigurationIsVisible = 0;
			defaultConfigurationName = Release;
		};
		2F86CEB71BD5621F007E8C29 /* Build configuration list for PBXNativeTarget "AXSwiftObserverExample" */ = {
			isa = XCConfigurationList;
			buildConfigurations = (
				2F86CEB81BD5621F007E8C29 /* Debug */,
				2F86CEB91BD5621F007E8C29 /* Release */,
			);
			defaultConfigurationIsVisible = 0;
			defaultConfigurationName = Release;
		};
/* End XCConfigurationList section */
	};
	rootObject = 2F32C67B1BD42D5000AD4419 /* Project object */;
}
